
Microsoft Visual Studio Solution File, Format Version 12.00
# Visual Studio 14
VisualStudioVersion = 14.0.25123.0
MinimumVisualStudioVersion = 10.0.40219.1
Project("{FAE04EC0-301F-11D3-BF4B-00C04F79EFBC}") = "Course_3-4", "Course_3-4\Course_3-4.csproj", "{1F6E0C89-1C9F-4FAF-92C6-8136FFE95501}"
EndProject
Global
	GlobalSection(SolutionConfigurationPlatforms) = preSolution
		Debug|Any CPU = Debug|Any CPU
		Release|Any CPU = Release|Any CPU
	EndGlobalSection
	GlobalSection(ProjectConfigurationPlatforms) = postSolution
		{1F6E0C89-1C9F-4FAF-92C6-8136FFE95501}.Debug|Any CPU.ActiveCfg = Debug|Any CPU
		{1F6E0C89-1C9F-4FAF-92C6-8136FFE95501}.Debug|Any CPU.Build.0 = Debug|Any CPU
		{1F6E0C89-1C9F-4FAF-92C6-8136FFE95501}.Release|Any CPU.ActiveCfg = Release|Any CPU
		{1F6E0C89-1C9F-4FAF-92C6-8136FFE95501}.Release|Any CPU.Build.0 = Release|Any CPU
	EndGlobalSection
	GlobalSection(SolutionProperties) = preSolution
		HideSolutionNode = FALSE
	EndGlobalSection
EndGlobal
